{
    "_readme": [
        "This file locks the dependencies of your project to a known state",
        "Read more about it at https://getcomposer.org/doc/01-basic-usage.md#composer-lock-the-lock-file",
        "This file is @generated automatically"
    ],
    "content-hash": "933181a326a1b1395b87bd2f87b4fabb",
    "packages": [
        {
            "name": "fortawesome/font-awesome",
            "version": "v4.7.0",
            "source": {
                "type": "git",
                "url": "https://github.com/FortAwesome/Font-Awesome.git",
                "reference": "a8386aae19e200ddb0f6845b5feeee5eb7013687"
            },
            "dist": {
                "type": "zip",
                "url": "https://api.github.com/repos/FortAwesome/Font-Awesome/zipball/a8386aae19e200ddb0f6845b5feeee5eb7013687",
                "reference": "a8386aae19e200ddb0f6845b5feeee5eb7013687",
                "shasum": ""
            },
            "require-dev": {
                "jekyll": "1.0.2",
                "lessc": "1.4.2"
            },
            "type": "library",
            "extra": {
                "branch-alias": {
                    "dev-master": "4.6.x-dev"
                }
            },
            "notification-url": "https://packagist.org/downloads/",
            "license": [
                "OFL-1.1",
                "MIT"
            ],
            "authors": [
                {
                    "name": "Dave Gandy",
                    "email": "dave@fontawesome.io",
                    "homepage": "http://twitter.com/davegandy",
                    "role": "Developer"
                }
            ],
            "description": "The iconic font and CSS framework",
            "homepage": "http://fontawesome.io/",
            "keywords": [
                "FontAwesome",
                "awesome",
                "bootstrap",
                "font",
                "icon"
            ],
            "time": "2016-10-24T15:52:54+00:00"
        },
        {
            "name": "rundiz/thai-date",
            "version": "v2.0.3",
            "source": {
                "type": "git",
                "url": "https://github.com/Rundiz/thai-date.git",
                "reference": "a29e1f5883a59b699721ad6c491fcabd8a1e441c"
            },
            "dist": {
                "type": "zip",
                "url": "https://api.github.com/repos/Rundiz/thai-date/zipball/a29e1f5883a59b699721ad6c491fcabd8a1e441c",
                "reference": "a29e1f5883a59b699721ad6c491fcabd8a1e441c",
                "shasum": ""
            },
            "require": {
                "php": ">=5.3.0"
            },
            "type": "library",
            "autoload": {
                "psr-4": {
                    "Rundiz\\Thaidate\\": "Rundiz/Thaidate"
                },
                "files": [
                    "Rundiz/Thaidate/thaidate-functions.php"
                ]
            },
            "notification-url": "https://packagist.org/downloads/",
            "license": [
                "MIT"
            ],
            "authors": [
                {
                    "name": "Vee W.",
                    "email": "kawewong@gmail.com",
                    "homepage": "http://rundiz.com",
                    "role": "Developer"
                }
            ],
            "description": "Display date in Thai language use PHP date() and strftime()",
            "keywords": [
                "Thai date",
                "date",
                "date thai",
                "date translation",
                "datethai",
                "thaidate"
            ],
            "time": "2016-04-22T09:19:44+00:00"
        },
        {
            "name": "twbs/bootstrap",
            "version": "v4.0.0-beta.2",
            "source": {
                "type": "git",
                "url": "https://github.com/twbs/bootstrap.git",
                "reference": "fc94de5b8b5b329a298eeeb76174b146ff17af2d"
            },
            "dist": {
                "type": "zip",
                "url": "https://api.github.com/repos/twbs/bootstrap/zipball/fc94de5b8b5b329a298eeeb76174b146ff17af2d",
                "reference": "fc94de5b8b5b329a298eeeb76174b146ff17af2d",
                "shasum": ""
            },
            "replace": {
                "twitter/bootstrap": "self.version"
            },
            "type": "library",
            "extra": {
                "branch-alias": {
                    "dev-master": "3.3.x-dev"
                }
            },
            "notification-url": "https://packagist.org/downloads/",
            "license": [
                "MIT"
            ],
            "authors": [
                {
                    "name": "Jacob Thornton",
                    "email": "jacobthornton@gmail.com"
                },
                {
                    "name": "Mark Otto",
                    "email": "markdotto@gmail.com"
                }
            ],
            "description": "The most popular front-end framework for developing responsive, mobile first projects on the web.",
            "homepage": "https://getbootstrap.com",
            "keywords": [
                "JS",
                "css",
                "framework",
                "front-end",
                "mobile-first",
                "responsive",
                "sass",
                "web"
            ],
            "time": "2017-10-19T19:23:29+00:00"
        }
    ],
    "packages-dev": [],
    "aliases": [],
    "minimum-stability": "stable",
    "stability-flags": {
        "twbs/bootstrap": 10
    },
    "prefer-stable": false,
    "prefer-lowest": false,
    "platform": [],
    "platform-dev": []
}
